
Microsoft Visual Studio Solution File, Format Version 12.00
# Visual Studio Version 17
VisualStudioVersion = 17.5.33627.172
MinimumVisualStudioVersion = 10.0.40219.1
Project("{FAE04EC0-301F-11D3-BF4B-00C04F79EFBC}") = "Complex", "Complex\Complex.csproj", "{BCE5B3A0-F5FA-44E1-8EC3-D7EED9F7A2C5}"
EndProject
Global
	GlobalSection(SolutionConfigurationPlatforms) = preSolution
		Debug|Any CPU = Debug|Any CPU
		Release|Any CPU = Release|Any CPU
	EndGlobalSection
	GlobalSection(ProjectConfigurationPlatforms) = postSolution
		{BCE5B3A0-F5FA-44E1-8EC3-D7EED9F7A2C5}.Debug|Any CPU.ActiveCfg = Debug|Any CPU
		{BCE5B3A0-F5FA-44E1-8EC3-D7EED9F7A2C5}.Debug|Any CPU.Build.0 = Debug|Any CPU
		{BCE5B3A0-F5FA-44E1-8EC3-D7EED9F7A2C5}.Release|Any CPU.ActiveCfg = Release|Any CPU
		{BCE5B3A0-F5FA-44E1-8EC3-D7EED9F7A2C5}.Release|Any CPU.Build.0 = Release|Any CPU
	EndGlobalSection
	GlobalSection(SolutionProperties) = preSolution
		HideSolutionNode = FALSE
	EndGlobalSection
	GlobalSection(ExtensibilityGlobals) = postSolution
		SolutionGuid = {8CF75812-AE4A-43BD-B334-3D5C4A92D448}
	EndGlobalSection
EndGlobal
