
Microsoft Visual Studio Solution File, Format Version 12.00
# Visual Studio Version 17
VisualStudioVersion = 17.6.33723.286
MinimumVisualStudioVersion = 10.0.40219.1
Project("{FAE04EC0-301F-11D3-BF4B-00C04F79EFBC}") = "SchoolTest", "SchoolTest\SchoolTest.csproj", "{30C72092-F41C-45EF-9E47-89A4897592A7}"
EndProject
Global
	GlobalSection(SolutionConfigurationPlatforms) = preSolution
		Debug|Any CPU = Debug|Any CPU
		Release|Any CPU = Release|Any CPU
	EndGlobalSection
	GlobalSection(ProjectConfigurationPlatforms) = postSolution
		{30C72092-F41C-45EF-9E47-89A4897592A7}.Debug|Any CPU.ActiveCfg = Debug|Any CPU
		{30C72092-F41C-45EF-9E47-89A4897592A7}.Debug|Any CPU.Build.0 = Debug|Any CPU
		{30C72092-F41C-45EF-9E47-89A4897592A7}.Release|Any CPU.ActiveCfg = Release|Any CPU
		{30C72092-F41C-45EF-9E47-89A4897592A7}.Release|Any CPU.Build.0 = Release|Any CPU
	EndGlobalSection
	GlobalSection(SolutionProperties) = preSolution
		HideSolutionNode = FALSE
	EndGlobalSection
	GlobalSection(ExtensibilityGlobals) = postSolution
		SolutionGuid = {48CE1D4C-0A48-4EE8-96E5-6E093FD33F34}
	EndGlobalSection
EndGlobal
