
Microsoft Visual Studio Solution File, Format Version 12.00
# Visual Studio Version 17
VisualStudioVersion = 17.5.33627.172
MinimumVisualStudioVersion = 10.0.40219.1
Project("{FAE04EC0-301F-11D3-BF4B-00C04F79EFBC}") = "4", "4\4.csproj", "{04318F3A-39EA-47C0-9558-637819279F03}"
EndProject
Global
	GlobalSection(SolutionConfigurationPlatforms) = preSolution
		Debug|Any CPU = Debug|Any CPU
		Release|Any CPU = Release|Any CPU
	EndGlobalSection
	GlobalSection(ProjectConfigurationPlatforms) = postSolution
		{04318F3A-39EA-47C0-9558-637819279F03}.Debug|Any CPU.ActiveCfg = Debug|Any CPU
		{04318F3A-39EA-47C0-9558-637819279F03}.Debug|Any CPU.Build.0 = Debug|Any CPU
		{04318F3A-39EA-47C0-9558-637819279F03}.Release|Any CPU.ActiveCfg = Release|Any CPU
		{04318F3A-39EA-47C0-9558-637819279F03}.Release|Any CPU.Build.0 = Release|Any CPU
	EndGlobalSection
	GlobalSection(SolutionProperties) = preSolution
		HideSolutionNode = FALSE
	EndGlobalSection
	GlobalSection(ExtensibilityGlobals) = postSolution
		SolutionGuid = {B00C5290-1B3F-4567-86DE-C6AC6D905FBB}
	EndGlobalSection
EndGlobal
